
Microsoft Visual Studio Solution File, Format Version 12.00
# Visual Studio Version 17
VisualStudioVersion = 17.13.35828.75 d17.13
MinimumVisualStudioVersion = 10.0.40219.1
Project("{FAE04EC0-301F-11D3-BF4B-00C04F79EFBC}") = "SMTPsendEmail", "SMTPsendEmail\SMTPsendEmail.csproj", "{54ED7ED6-B525-420E-A35A-44BAF0521A74}"
EndProject
Global
	GlobalSection(SolutionConfigurationPlatforms) = preSolution
		Debug|Any CPU = Debug|Any CPU
		Release|Any CPU = Release|Any CPU
	EndGlobalSection
	GlobalSection(ProjectConfigurationPlatforms) = postSolution
		{54ED7ED6-B525-420E-A35A-44BAF0521A74}.Debug|Any CPU.ActiveCfg = Debug|Any CPU
		{54ED7ED6-B525-420E-A35A-44BAF0521A74}.Debug|Any CPU.Build.0 = Debug|Any CPU
		{54ED7ED6-B525-420E-A35A-44BAF0521A74}.Release|Any CPU.ActiveCfg = Release|Any CPU
		{54ED7ED6-B525-420E-A35A-44BAF0521A74}.Release|Any CPU.Build.0 = Release|Any CPU
	EndGlobalSection
	GlobalSection(SolutionProperties) = preSolution
		HideSolutionNode = FALSE
	EndGlobalSection
	GlobalSection(ExtensibilityGlobals) = postSolution
		SolutionGuid = {CEBC8DC2-2A12-4048-A97D-83A5DA951321}
	EndGlobalSection
EndGlobal
